
Microsoft Visual Studio Solution File, Format Version 12.00
# Visual Studio Version 16
VisualStudioVersion = 16.0.35325.158
MinimumVisualStudioVersion = 10.0.40219.1
Project("{FAE04EC0-301F-11D3-BF4B-00C04F79EFBC}") = "ExcelTableCreator", "ExcelTableCreator\ExcelTableCreator.csproj", "{F75C19F4-D803-4A27-8E0D-ED917E8D8E8D}"
EndProject
Global
	GlobalSection(SolutionConfigurationPlatforms) = preSolution
		Debug|Any CPU = Debug|Any CPU
		Release|Any CPU = Release|Any CPU
	EndGlobalSection
	GlobalSection(ProjectConfigurationPlatforms) = postSolution
		{F75C19F4-D803-4A27-8E0D-ED917E8D8E8D}.Debug|Any CPU.ActiveCfg = Debug|Any CPU
		{F75C19F4-D803-4A27-8E0D-ED917E8D8E8D}.Debug|Any CPU.Build.0 = Debug|Any CPU
		{F75C19F4-D803-4A27-8E0D-ED917E8D8E8D}.Release|Any CPU.ActiveCfg = Release|Any CPU
		{F75C19F4-D803-4A27-8E0D-ED917E8D8E8D}.Release|Any CPU.Build.0 = Release|Any CPU
	EndGlobalSection
	GlobalSection(SolutionProperties) = preSolution
		HideSolutionNode = FALSE
	EndGlobalSection
	GlobalSection(ExtensibilityGlobals) = postSolution
		SolutionGuid = {12C7EF6B-9324-4A0B-B2EE-EB8BAD298EEC}
	EndGlobalSection
EndGlobal
